<?xml version="1.0" encoding="utf-8"?>
<Project ToolsVersion="4.0" xmlns="http://schemas.microsoft.com/developer/msbuild/2003">
  <ItemGroup>
    <Filter Include="MyEngine">
      <UniqueIdentifier>{d2a2efba-4180-45dc-af20-7083231ca216}</UniqueIdentifier>
    </Filter>
    <Filter Include="MyEngine\Camera">
      <UniqueIdentifier>{df7398be-9749-4455-943d-350ba5b519a6}</UniqueIdentifier>
    </Filter>
    <Filter Include="MyEngine\Debug">
      <UniqueIdentifier>{38697557-c3cf-4e5d-9fc2-9e53d12db96d}</UniqueIdentifier>
    </Filter>
    <Filter Include="MyEngine\Input">
      <UniqueIdentifier>{59852f1b-d6f9-45c9-9ad5-c6dec1d200f0}</UniqueIdentifier>
    </Filter>
    <Filter Include="MyEngine\Log">
      <UniqueIdentifier>{f8b97d93-f276-4d04-9834-5af6cc2a2d3e}</UniqueIdentifier>
    </Filter>
    <Filter Include="MyEngine\Math">
      <UniqueIdentifier>{bdf37b58-daec-4bea-8982-3f1baad20f32}</UniqueIdentifier>
    </Filter>
    <Filter Include="MyEngine\Render">
      <UniqueIdentifier>{fe2b87c0-a6fa-42d6-890f-3c8accdc59b4}</UniqueIdentifier>
    </Filter>
    <Filter Include="MyEngine\Utils">
      <UniqueIdentifier>{2f928254-3ddf-4d13-a93a-75bd56d6fc69}</UniqueIdentifier>
    </Filter>
    <Filter Include="MyEngine\Window">
      <UniqueIdentifier>{83be4a8a-9d6b-4b0d-a1c6-01cf5e840fd1}</UniqueIdentifier>
    </Filter>
    <Filter Include="MyEngine\Shader">
      <UniqueIdentifier>{4708ca85-2870-4008-8c33-ac0f4051ebf5}</UniqueIdentifier>
    </Filter>
    <Filter Include="ImGui">
      <UniqueIdentifier>{d4fed904-59f8-4c28-afde-7c91db49241f}</UniqueIdentifier>
    </Filter>
    <Filter Include="Spdlog">
      <UniqueIdentifier>{e787b440-66ac-4a00-ba02-8beb09844f23}</UniqueIdentifier>
    </Filter>
    <Filter Include="MyEngine\Scene">
      <UniqueIdentifier>{5ea295f9-9a81-4989-a435-ff83995910eb}</UniqueIdentifier>
    </Filter>
    <Filter Include="MyEngine\Collision">
      <UniqueIdentifier>{5575a54c-70e2-44c3-aee3-0986e7bad8cb}</UniqueIdentifier>
    </Filter>
    <Filter Include="MyEngine\Light">
      <UniqueIdentifier>{0c643696-78b0-453e-8798-50cc906f59a0}</UniqueIdentifier>
    </Filter>
    <Filter Include="MyEngine\Sound">
      <UniqueIdentifier>{c86c7e88-cbc1-401a-99c1-92c0e693b50b}</UniqueIdentifier>
    </Filter>
    <Filter Include="MyEngine\Render\Core">
      <UniqueIdentifier>{65dfceb9-16f5-4496-ac7d-d6dcf9d6808e}</UniqueIdentifier>
    </Filter>
    <Filter Include="MyEngine\Shader\Model">
      <UniqueIdentifier>{9819468b-38f8-422d-b303-8bea308fe6fd}</UniqueIdentifier>
    </Filter>
    <Filter Include="MyEngine\Shader\Sprite">
      <UniqueIdentifier>{cc511088-e24a-43c0-a057-e29bf4853c56}</UniqueIdentifier>
    </Filter>
    <Filter Include="MyEngine\Shader\Line">
      <UniqueIdentifier>{afe78f8d-e2d8-4537-8848-ff735318a98b}</UniqueIdentifier>
    </Filter>
    <Filter Include="MyEngine\Shader\Particle">
      <UniqueIdentifier>{bacd88c6-d414-4394-b98e-822d11ad9347}</UniqueIdentifier>
    </Filter>
  </ItemGroup>
  <ItemGroup>
    <ClCompile Include="MyEngine\Camera\Camera.cpp">
      <Filter>MyEngine\Camera</Filter>
    </ClCompile>
    <ClCompile Include="MyEngine\Utils\ConvertString.cpp">
      <Filter>MyEngine\Utils</Filter>
    </ClCompile>
    <ClCompile Include="MyEngine\Debug\CrashHandler.cpp">
      <Filter>MyEngine\Debug</Filter>
    </ClCompile>
    <ClCompile Include="MyEngine\Debug\D3D12ResourceLeakChecker.cpp">
      <Filter>MyEngine\Debug</Filter>
    </ClCompile>
    <ClCompile Include="MyEngine\Camera\DebugCamera.cpp">
      <Filter>MyEngine\Camera</Filter>
    </ClCompile>
    <ClCompile Include="MyEngine\Utils\Easing.cpp">
      <Filter>MyEngine\Utils</Filter>
    </ClCompile>
    <ClCompile Include="MyEngine\Utils\GlobalVariables.cpp">
      <Filter>MyEngine\Utils</Filter>
    </ClCompile>
    <ClCompile Include="MyEngine\Debug\ImGuiManager.cpp">
      <Filter>MyEngine\Debug</Filter>
    </ClCompile>
    <ClCompile Include="MyEngine\Input\InputManager.cpp">
      <Filter>MyEngine\Input</Filter>
    </ClCompile>
    <ClCompile Include="MyEngine\Input\KeyboardInput.cpp">
      <Filter>MyEngine\Input</Filter>
    </ClCompile>
    <ClCompile Include="MyEngine\Log\LogManager.cpp">
      <Filter>MyEngine\Log</Filter>
    </ClCompile>
    <ClCompile Include="MyEngine\Math\Matrix3x3.cpp">
      <Filter>MyEngine\Math</Filter>
    </ClCompile>
    <ClCompile Include="MyEngine\Math\Matrix4x4.cpp">
      <Filter>MyEngine\Math</Filter>
    </ClCompile>
    <ClCompile Include="MyEngine\Render\ModelManager.cpp">
      <Filter>MyEngine\Render</Filter>
    </ClCompile>
    <ClCompile Include="MyEngine\Input\MouseInput.cpp">
      <Filter>MyEngine\Input</Filter>
    </ClCompile>
    <ClCompile Include="MyEngine\Scene\SceneManager.cpp">
      <Filter>MyEngine\Scene</Filter>
    </ClCompile>
    <ClCompile Include="MyEngine\Render\TextureManager.cpp">
      <Filter>MyEngine\Render</Filter>
    </ClCompile>
    <ClCompile Include="MyEngine\Math\Vector4.cpp">
      <Filter>MyEngine\Math</Filter>
    </ClCompile>
    <ClCompile Include="MyEngine\Window\Win32Window.cpp">
      <Filter>MyEngine\Window</Filter>
    </ClCompile>
    <ClCompile Include="MyEngine\Window\WindowManager.cpp">
      <Filter>MyEngine\Window</Filter>
    </ClCompile>
    <ClCompile Include="MyEngine\Input\XInputGamepad.cpp">
      <Filter>MyEngine\Input</Filter>
    </ClCompile>
    <ClCompile Include="MyEngine\Engine.cpp">
      <Filter>MyEngine</Filter>
    </ClCompile>
    <ClCompile Include="externals\imgui\imgui_demo.cpp">
      <Filter>ImGui</Filter>
    </ClCompile>
    <ClCompile Include="externals\imgui\imgui_draw.cpp">
      <Filter>ImGui</Filter>
    </ClCompile>
    <ClCompile Include="externals\imgui\imgui_impl_dx12.cpp">
      <Filter>ImGui</Filter>
    </ClCompile>
    <ClCompile Include="externals\imgui\imgui_impl_win32.cpp">
      <Filter>ImGui</Filter>
    </ClCompile>
    <ClCompile Include="externals\imgui\imgui_tables.cpp">
      <Filter>ImGui</Filter>
    </ClCompile>
    <ClCompile Include="externals\imgui\imgui_widgets.cpp">
      <Filter>ImGui</Filter>
    </ClCompile>
    <ClCompile Include="externals\imgui\imgui.cpp">
      <Filter>ImGui</Filter>
    </ClCompile>
    <ClCompile Include="MyEngine\Debug\GameNotification.cpp">
      <Filter>MyEngine\Debug</Filter>
    </ClCompile>
    <ClCompile Include="MyEngine\Render\ViewportRenderer.cpp">
      <Filter>MyEngine\Render</Filter>
    </ClCompile>
    <ClCompile Include="MyEngine\Render\EditorOverlay.cpp">
      <Filter>MyEngine\Render</Filter>
    </ClCompile>
    <ClCompile Include="externals\imgui\ImGuizmo.cpp">
      <Filter>ImGui</Filter>
    </ClCompile>
    <ClCompile Include="MyEngine\Collision\Collision.cpp">
      <Filter>MyEngine\Collision</Filter>
    </ClCompile>
    <ClCompile Include="MyEngine\Collision\CollisionProfiler.cpp">
      <Filter>MyEngine\Collision</Filter>
    </ClCompile>
    <ClCompile Include="MyEngine\Light\DirectionalLight.cpp">
      <Filter>MyEngine\Light</Filter>
    </ClCompile>
    <ClCompile Include="MyEngine\Math\AABB.cpp">
      <Filter>MyEngine\Math</Filter>
    </ClCompile>
    <ClCompile Include="MyEngine\Render\Core\DirectXCommon.cpp">
      <Filter>MyEngine\Render\Core</Filter>
    </ClCompile>
    <ClCompile Include="MyEngine\Math\OBB.cpp">
      <Filter>MyEngine\Math</Filter>
    </ClCompile>
    <ClCompile Include="MyEngine\Render\Core\PSOManager.cpp">
      <Filter>MyEngine\Render\Core</Filter>
    </ClCompile>
    <ClCompile Include="MyEngine\Render\Core\RenderContext.cpp">
      <Filter>MyEngine\Render\Core</Filter>
    </ClCompile>
    <ClCompile Include="MyEngine\Render\Core\RenderTexture.cpp">
      <Filter>MyEngine\Render\Core</Filter>
    </ClCompile>
    <ClCompile Include="MyEngine\Render\Core\RenderWindow.cpp">
      <Filter>MyEngine\Render\Core</Filter>
    </ClCompile>
    <ClCompile Include="MyEngine\Sound\SoundManager.cpp">
      <Filter>MyEngine\Sound</Filter>
    </ClCompile>
    <ClCompile Include="MyEngine\Math\Sphere.cpp">
      <Filter>MyEngine\Math</Filter>
    </ClCompile>
    <ClCompile Include="MyEngine\Render\PrimitiveRenderer.cpp">
      <Filter>MyEngine\Render</Filter>
    </ClCompile>
    <ClCompile Include="MyEngine\Render\Core\UploadContext.cpp">
      <Filter>MyEngine\Render\Core</Filter>
    </ClCompile>
    <ClCompile Include="MyEngine\Debug\GPUProfiler.cpp">
      <Filter>MyEngine\Debug</Filter>
    </ClCompile>
    <ClCompile Include="MyEngine\Debug\Profiler.cpp">
      <Filter>MyEngine\Debug</Filter>
    </ClCompile>
  </ItemGroup>
  <ItemGroup>
    <ClInclude Include="MyEngine\Camera\Camera.h">
      <Filter>MyEngine\Camera</Filter>
    </ClInclude>
    <ClInclude Include="MyEngine\Utils\Const.h">
      <Filter>MyEngine\Utils</Filter>
    </ClInclude>
    <ClInclude Include="MyEngine\Utils\ConvertString.h">
      <Filter>MyEngine\Utils</Filter>
    </ClInclude>
    <ClInclude Include="MyEngine\Debug\CrashHandler.h">
      <Filter>MyEngine\Debug</Filter>
    </ClInclude>
    <ClInclude Include="MyEngine\Debug\D3D12ResourceLeakChecker.h">
      <Filter>MyEngine\Debug</Filter>
    </ClInclude>
    <ClInclude Include="MyEngine\Camera\DebugCamera.h">
      <Filter>MyEngine\Camera</Filter>
    </ClInclude>
    <ClInclude Include="MyEngine\Utils\Easing.h">
      <Filter>MyEngine\Utils</Filter>
    </ClInclude>
    <ClInclude Include="MyEngine\Engine.h">
      <Filter>MyEngine</Filter>
    </ClInclude>
    <ClInclude Include="MyEngine\Debug\ImGuiManager.h">
      <Filter>MyEngine\Debug</Filter>
    </ClInclude>
    <ClInclude Include="MyEngine\Input\InputManager.h">
      <Filter>MyEngine\Input</Filter>
    </ClInclude>
    <ClInclude Include="MyEngine\Scene\IScene.h">
      <Filter>MyEngine\Scene</Filter>
    </ClInclude>
    <ClInclude Include="MyEngine\Input\KeyboardInput.h">
      <Filter>MyEngine\Input</Filter>
    </ClInclude>
    <ClInclude Include="MyEngine\Log\LogManager.h">
      <Filter>MyEngine\Log</Filter>
    </ClInclude>
    <ClInclude Include="MyEngine\Math\Matrix3x3.h">
      <Filter>MyEngine\Math</Filter>
    </ClInclude>
    <ClInclude Include="MyEngine\Math\Matrix4x4.h">
      <Filter>MyEngine\Math</Filter>
    </ClInclude>
    <ClInclude Include="MyEngine\Render\ModelManager.h">
      <Filter>MyEngine\Render</Filter>
    </ClInclude>
    <ClInclude Include="MyEngine\Input\MouseInput.h">
      <Filter>MyEngine\Input</Filter>
    </ClInclude>
    <ClInclude Include="MyEngine\Scene\SceneManager.h">
      <Filter>MyEngine\Scene</Filter>
    </ClInclude>
    <ClInclude Include="MyEngine\Render\TextureManager.h">
      <Filter>MyEngine\Render</Filter>
    </ClInclude>
    <ClInclude Include="MyEngine\Math\Vector2.h">
      <Filter>MyEngine\Math</Filter>
    </ClInclude>
    <ClInclude Include="MyEngine\Math\Vector3.h">
      <Filter>MyEngine\Math</Filter>
    </ClInclude>
    <ClInclude Include="MyEngine\Math\Vector4.h">
      <Filter>MyEngine\Math</Filter>
    </ClInclude>
    <ClInclude Include="MyEngine\Window\Win32Window.h">
      <Filter>MyEngine\Window</Filter>
    </ClInclude>
    <ClInclude Include="MyEngine\Window\WindowManager.h">
      <Filter>MyEngine\Window</Filter>
    </ClInclude>
    <ClInclude Include="MyEngine\Input\XInputGamepad.h">
      <Filter>MyEngine\Input</Filter>
    </ClInclude>
    <ClInclude Include="MyEngine\Utils\GlobalVariables.h">
      <Filter>MyEngine\Utils</Filter>
    </ClInclude>
    <ClInclude Include="externals\imgui\imconfig.h">
      <Filter>ImGui</Filter>
    </ClInclude>
    <ClInclude Include="externals\imgui\imgui.h">
      <Filter>ImGui</Filter>
    </ClInclude>
    <ClInclude Include="externals\imgui\imgui_impl_dx12.h">
      <Filter>ImGui</Filter>
    </ClInclude>
    <ClInclude Include="externals\imgui\imgui_impl_win32.h">
      <Filter>ImGui</Filter>
    </ClInclude>
    <ClInclude Include="externals\imgui\imgui_internal.h">
      <Filter>ImGui</Filter>
    </ClInclude>
    <ClInclude Include="externals\imgui\imstb_rectpack.h">
      <Filter>ImGui</Filter>
    </ClInclude>
    <ClInclude Include="externals\imgui\imstb_textedit.h">
      <Filter>ImGui</Filter>
    </ClInclude>
    <ClInclude Include="externals\imgui\imstb_truetype.h">
      <Filter>ImGui</Filter>
    </ClInclude>
    <ClInclude Include="externals\spdlog\async.h">
      <Filter>Spdlog</Filter>
    </ClInclude>
    <ClInclude Include="externals\spdlog\common.h">
      <Filter>Spdlog</Filter>
    </ClInclude>
    <ClInclude Include="externals\spdlog\spdlog.h">
      <Filter>Spdlog</Filter>
    </ClInclude>
    <ClInclude Include="externals\spdlog\async_logger.h">
      <Filter>Spdlog</Filter>
    </ClInclude>
    <ClInclude Include="externals\spdlog\spdlog-inl.h">
      <Filter>Spdlog</Filter>
    </ClInclude>
    <ClInclude Include="MyEngine\Debug\GameNotification.h">
      <Filter>MyEngine\Debug</Filter>
    </ClInclude>
    <ClInclude Include="MyEngine\Debug\MyAssert.h">
      <Filter>MyEngine\Debug</Filter>
    </ClInclude>
    <ClInclude Include="MyEngine\Render\ViewportRenderer.h">
      <Filter>MyEngine\Render</Filter>
    </ClInclude>
    <ClInclude Include="MyEngine\Render\EditorOverlay.h">
      <Filter>MyEngine\Render</Filter>
    </ClInclude>
    <ClInclude Include="externals\imgui\ImGuizmo.h">
      <Filter>ImGui</Filter>
    </ClInclude>
    <ClInclude Include="MyEngine\Collision\Collision.h">
      <Filter>MyEngine\Collision</Filter>
    </ClInclude>
    <ClInclude Include="MyEngine\Collision\CollisionProfiler.h">
      <Filter>MyEngine\Collision</Filter>
    </ClInclude>
    <ClInclude Include="MyEngine\Light\DirectionalLight.h">
      <Filter>MyEngine\Light</Filter>
    </ClInclude>
    <ClInclude Include="MyEngine\Camera\CameraIncludes.h">
      <Filter>MyEngine\Camera</Filter>
    </ClInclude>
    <ClInclude Include="MyEngine\Math\AABB.h">
      <Filter>MyEngine\Math</Filter>
    </ClInclude>
    <ClInclude Include="MyEngine\Collision\CollisionIncludes.h">
      <Filter>MyEngine\Collision</Filter>
    </ClInclude>
    <ClInclude Include="MyEngine\Window\WindowIncludes.h">
      <Filter>MyEngine\Window</Filter>
    </ClInclude>
    <ClInclude Include="MyEngine\Debug\DebugIncludes.h">
      <Filter>MyEngine\Debug</Filter>
    </ClInclude>
    <ClInclude Include="MyEngine\Render\Core\DirectXCommon.h">
      <Filter>MyEngine\Render\Core</Filter>
    </ClInclude>
    <ClInclude Include="MyEngine\Input\InputIncludes.h">
      <Filter>MyEngine\Input</Filter>
    </ClInclude>
    <ClInclude Include="MyEngine\Light\LightIncludes.h">
      <Filter>MyEngine\Light</Filter>
    </ClInclude>
    <ClInclude Include="MyEngine\Log\LogIncludes.h">
      <Filter>MyEngine\Log</Filter>
    </ClInclude>
    <ClInclude Include="MyEngine\Math\MathIncludes.h">
      <Filter>MyEngine\Math</Filter>
    </ClInclude>
    <ClInclude Include="MyEngine\Math\MathUtility.h">
      <Filter>MyEngine\Math</Filter>
    </ClInclude>
    <ClInclude Include="MyEngine\Math\OBB.h">
      <Filter>MyEngine\Math</Filter>
    </ClInclude>
    <ClInclude Include="MyEngine\Render\PrimitiveRenderer.h">
      <Filter>MyEngine\Render</Filter>
    </ClInclude>
    <ClInclude Include="MyEngine\Math\Plane.h">
      <Filter>MyEngine\Math</Filter>
    </ClInclude>
    <ClInclude Include="MyEngine\Render\Core\PSOManager.h">
      <Filter>MyEngine\Render\Core</Filter>
    </ClInclude>
    <ClInclude Include="MyEngine\Render\Core\RenderContext.h">
      <Filter>MyEngine\Render\Core</Filter>
    </ClInclude>
    <ClInclude Include="MyEngine\Render\Core\RenderTexture.h">
      <Filter>MyEngine\Render\Core</Filter>
    </ClInclude>
    <ClInclude Include="MyEngine\Math\Ray.h">
      <Filter>MyEngine\Math</Filter>
    </ClInclude>
    <ClInclude Include="MyEngine\Math\Sphere.h">
      <Filter>MyEngine\Math</Filter>
    </ClInclude>
    <ClInclude Include="MyEngine\Utils\UtilsIncludes.h">
      <Filter>MyEngine\Utils</Filter>
    </ClInclude>
    <ClInclude Include="MyEngine\Math\Transform.h">
      <Filter>MyEngine\Math</Filter>
    </ClInclude>
    <ClInclude Include="MyEngine\Render\RenderIncludes.h">
      <Filter>MyEngine\Render</Filter>
    </ClInclude>
    <ClInclude Include="MyEngine\Render\Core\RenderWindow.h">
      <Filter>MyEngine\Render\Core</Filter>
    </ClInclude>
    <ClInclude Include="MyEngine\Scene\SceneIncludes.h">
      <Filter>MyEngine\Scene</Filter>
    </ClInclude>
    <ClInclude Include="MyEngine\Render\Core\ShaderStructs.h">
      <Filter>MyEngine\Render\Core</Filter>
    </ClInclude>
    <ClInclude Include="MyEngine\Sound\SoundIncludes.h">
      <Filter>MyEngine\Sound</Filter>
    </ClInclude>
    <ClInclude Include="MyEngine\Sound\SoundManager.h">
      <Filter>MyEngine\Sound</Filter>
    </ClInclude>
    <ClInclude Include="MyEngine\Utils\Time.h">
      <Filter>MyEngine\Utils</Filter>
    </ClInclude>
    <ClInclude Include="MyEngine\Render\Core\UploadContext.h">
      <Filter>MyEngine\Render\Core</Filter>
    </ClInclude>
    <ClInclude Include="MyEngine\Debug\GPUProfiler.h">
      <Filter>MyEngine\Debug</Filter>
    </ClInclude>
    <ClInclude Include="MyEngine\Debug\GPUScope.h">
      <Filter>MyEngine\Debug</Filter>
    </ClInclude>
    <ClInclude Include="MyEngine\Debug\Profiler.h">
      <Filter>MyEngine\Debug</Filter>
    </ClInclude>
  </ItemGroup>
  <ItemGroup>
    <None Include="MyEngine\Render\Shader\Model\Object3d.hlsli">
      <Filter>MyEngine\Shader\Model</Filter>
    </None>
    <None Include="MyEngine\Render\Shader\Line\Line3d.hlsli">
      <Filter>MyEngine\Shader\Line</Filter>
    </None>
    <None Include="MyEngine\Render\Shader\Particle\Particle.hlsli">
      <Filter>MyEngine\Shader\Particle</Filter>
    </None>
    <None Include="MyEngine\Render\Shader\Sprite\Sprite2d.hlsli">
      <Filter>MyEngine\Shader\Sprite</Filter>
    </None>
  </ItemGroup>
  <ItemGroup>
    <FxCompile Include="MyEngine\Render\Shader\Model\Object3d.VS.hlsl">
      <Filter>MyEngine\Shader\Model</Filter>
    </FxCompile>
    <FxCompile Include="MyEngine\Render\Shader\Model\Object3dHalfLambert.PS.hlsl">
      <Filter>MyEngine\Shader\Model</Filter>
    </FxCompile>
    <FxCompile Include="MyEngine\Render\Shader\Model\Object3dLambert.PS.hlsl">
      <Filter>MyEngine\Shader\Model</Filter>
    </FxCompile>
    <FxCompile Include="MyEngine\Render\Shader\Model\Object3dNoLit.PS.hlsl">
      <Filter>MyEngine\Shader\Model</Filter>
    </FxCompile>
    <FxCompile Include="MyEngine\Render\Shader\Line\Line3d.PS.hlsl">
      <Filter>MyEngine\Shader\Line</Filter>
    </FxCompile>
    <FxCompile Include="MyEngine\Render\Shader\Line\Line3d.VS.hlsl">
      <Filter>MyEngine\Shader\Line</Filter>
    </FxCompile>
    <FxCompile Include="MyEngine\Render\Shader\Particle\Particle.PS.hlsl">
      <Filter>MyEngine\Shader\Particle</Filter>
    </FxCompile>
    <FxCompile Include="MyEngine\Render\Shader\Particle\Particle.VS.hlsl">
      <Filter>MyEngine\Shader\Particle</Filter>
    </FxCompile>
    <FxCompile Include="MyEngine\Render\Shader\Sprite\Sprite2d.PS.hlsl">
      <Filter>MyEngine\Shader\Sprite</Filter>
    </FxCompile>
    <FxCompile Include="MyEngine\Render\Shader\Sprite\Sprite2d.VS.hlsl">
      <Filter>MyEngine\Shader\Sprite</Filter>
    </FxCompile>
  </ItemGroup>
</Project>