<?xml version="1.0" encoding="utf-8"?>
<Project ToolsVersion="4.0" xmlns="http://schemas.microsoft.com/developer/msbuild/2003">
  <ItemGroup>
    <Filter Include="MyEngine">
      <UniqueIdentifier>{d2a2efba-4180-45dc-af20-7083231ca216}</UniqueIdentifier>
    </Filter>
    <Filter Include="MyEngine\Audio">
      <UniqueIdentifier>{c86c7e88-cbc1-401a-99c1-92c0e693b50b}</UniqueIdentifier>
    </Filter>
    <Filter Include="MyEngine\Camera">
      <UniqueIdentifier>{df7398be-9749-4455-943d-350ba5b519a6}</UniqueIdentifier>
    </Filter>
    <Filter Include="MyEngine\Debug">
      <UniqueIdentifier>{38697557-c3cf-4e5d-9fc2-9e53d12db96d}</UniqueIdentifier>
    </Filter>
    <Filter Include="MyEngine\Input">
      <UniqueIdentifier>{59852f1b-d6f9-45c9-9ad5-c6dec1d200f0}</UniqueIdentifier>
    </Filter>
    <Filter Include="MyEngine\Log">
      <UniqueIdentifier>{f8b97d93-f276-4d04-9834-5af6cc2a2d3e}</UniqueIdentifier>
    </Filter>
    <Filter Include="MyEngine\Math">
      <UniqueIdentifier>{bdf37b58-daec-4bea-8982-3f1baad20f32}</UniqueIdentifier>
    </Filter>
    <Filter Include="MyEngine\Render">
      <UniqueIdentifier>{fe2b87c0-a6fa-42d6-890f-3c8accdc59b4}</UniqueIdentifier>
    </Filter>
    <Filter Include="MyEngine\Utils">
      <UniqueIdentifier>{2f928254-3ddf-4d13-a93a-75bd56d6fc69}</UniqueIdentifier>
    </Filter>
    <Filter Include="MyEngine\Window">
      <UniqueIdentifier>{83be4a8a-9d6b-4b0d-a1c6-01cf5e840fd1}</UniqueIdentifier>
    </Filter>
    <Filter Include="MyEngine\Scene">
      <UniqueIdentifier>{5ea295f9-9a81-4989-a435-ff83995910eb}</UniqueIdentifier>
    </Filter>
    <Filter Include="imgui">
      <UniqueIdentifier>{941ca693-d93f-46fa-90de-9392635d36f4}</UniqueIdentifier>
    </Filter>
  </ItemGroup>
  <ItemGroup>
    <ClCompile Include="MyEngine\Camera\Camera.cpp">
      <Filter>MyEngine\Camera</Filter>
    </ClCompile>
    <ClCompile Include="MyEngine\Utils\ConvertString.cpp">
      <Filter>MyEngine\Utils</Filter>
    </ClCompile>
    <ClCompile Include="MyEngine\Debug\CrashHandler.cpp">
      <Filter>MyEngine\Debug</Filter>
    </ClCompile>
    <ClCompile Include="MyEngine\Debug\D3D12ResourceLeakChecker.cpp">
      <Filter>MyEngine\Debug</Filter>
    </ClCompile>
    <ClCompile Include="MyEngine\Camera\DebugCamera.cpp">
      <Filter>MyEngine\Camera</Filter>
    </ClCompile>
    <ClCompile Include="MyEngine\Render\DebugRender.cpp">
      <Filter>MyEngine\Render</Filter>
    </ClCompile>
    <ClCompile Include="MyEngine\Render\DirectionalLight.cpp">
      <Filter>MyEngine\Render</Filter>
    </ClCompile>
    <ClCompile Include="MyEngine\Render\DirectXCommon.cpp">
      <Filter>MyEngine\Render</Filter>
    </ClCompile>
    <ClCompile Include="MyEngine\Utils\Easing.cpp">
      <Filter>MyEngine\Utils</Filter>
    </ClCompile>
    <ClCompile Include="MyEngine\Utils\GlobalVariables.cpp">
      <Filter>MyEngine\Utils</Filter>
    </ClCompile>
    <ClCompile Include="..\CG2_Projects\externals\imgui\imgui.cpp">
      <Filter>imgui</Filter>
    </ClCompile>
    <ClCompile Include="externals\imgui\imgui_demo.cpp">
      <Filter>imgui</Filter>
    </ClCompile>
    <ClCompile Include="externals\imgui\imgui_draw.cpp">
      <Filter>imgui</Filter>
    </ClCompile>
    <ClCompile Include="externals\imgui\imgui_impl_dx12.cpp">
      <Filter>imgui</Filter>
    </ClCompile>
    <ClCompile Include="externals\imgui\imgui_impl_win32.cpp">
      <Filter>imgui</Filter>
    </ClCompile>
    <ClCompile Include="externals\imgui\imgui_tables.cpp">
      <Filter>imgui</Filter>
    </ClCompile>
    <ClCompile Include="externals\imgui\imgui_widgets.cpp">
      <Filter>imgui</Filter>
    </ClCompile>
    <ClCompile Include="MyEngine\Debug\ImGuiManager.cpp">
      <Filter>MyEngine\Debug</Filter>
    </ClCompile>
    <ClCompile Include="MyEngine\Input\InputManager.cpp">
      <Filter>MyEngine\Input</Filter>
    </ClCompile>
    <ClCompile Include="MyEngine\Input\KeyboardInput.cpp">
      <Filter>MyEngine\Input</Filter>
    </ClCompile>
    <ClCompile Include="MyEngine\Log\LogManager.cpp">
      <Filter>MyEngine\Log</Filter>
    </ClCompile>
    <ClCompile Include="MyEngine\Math\Matrix3x3.cpp">
      <Filter>MyEngine\Math</Filter>
    </ClCompile>
    <ClCompile Include="MyEngine\Math\Matrix4x4.cpp">
      <Filter>MyEngine\Math</Filter>
    </ClCompile>
    <ClCompile Include="MyEngine\Render\ModelManager.cpp">
      <Filter>MyEngine\Render</Filter>
    </ClCompile>
    <ClCompile Include="MyEngine\Input\MouseInput.cpp">
      <Filter>MyEngine\Input</Filter>
    </ClCompile>
    <ClCompile Include="MyEngine\Render\RenderContext.cpp">
      <Filter>MyEngine\Render</Filter>
    </ClCompile>
    <ClCompile Include="MyEngine\Render\RenderWindow.cpp">
      <Filter>MyEngine\Render</Filter>
    </ClCompile>
    <ClCompile Include="MyEngine\Scene\SceneManager.cpp">
      <Filter>MyEngine\Scene</Filter>
    </ClCompile>
    <ClCompile Include="MyEngine\Render\TextureManager.cpp">
      <Filter>MyEngine\Render</Filter>
    </ClCompile>
    <ClCompile Include="MyEngine\Math\Vector4.cpp">
      <Filter>MyEngine\Math</Filter>
    </ClCompile>
    <ClCompile Include="MyEngine\Window\Win32Window.cpp">
      <Filter>MyEngine\Window</Filter>
    </ClCompile>
    <ClCompile Include="MyEngine\Window\WindowManager.cpp">
      <Filter>MyEngine\Window</Filter>
    </ClCompile>
    <ClCompile Include="MyEngine\Input\XInputGamepad.cpp">
      <Filter>MyEngine\Input</Filter>
    </ClCompile>
    <ClCompile Include="MyEngine\Engine.cpp">
      <Filter>MyEngine</Filter>
    </ClCompile>
    <ClCompile Include="MyEngine\Audio\SoundManager.cpp">
      <Filter>MyEngine\Audio</Filter>
    </ClCompile>
    <ClCompile Include="MyEngine\Render\PSOManager.cpp">
      <Filter>MyEngine\Render</Filter>
    </ClCompile>
  </ItemGroup>
  <ItemGroup>
    <ClInclude Include="MyEngine\Camera\Camera.h">
      <Filter>MyEngine\Camera</Filter>
    </ClInclude>
    <ClInclude Include="MyEngine\Utils\Const.h">
      <Filter>MyEngine\Utils</Filter>
    </ClInclude>
    <ClInclude Include="MyEngine\Utils\ConvertString.h">
      <Filter>MyEngine\Utils</Filter>
    </ClInclude>
    <ClInclude Include="MyEngine\Debug\CrashHandler.h">
      <Filter>MyEngine\Debug</Filter>
    </ClInclude>
    <ClInclude Include="MyEngine\Debug\D3D12ResourceLeakChecker.h">
      <Filter>MyEngine\Debug</Filter>
    </ClInclude>
    <ClInclude Include="MyEngine\Camera\DebugCamera.h">
      <Filter>MyEngine\Camera</Filter>
    </ClInclude>
    <ClInclude Include="MyEngine\Render\DebugRender.h">
      <Filter>MyEngine\Render</Filter>
    </ClInclude>
    <ClInclude Include="MyEngine\Render\DirectionalLight.h">
      <Filter>MyEngine\Render</Filter>
    </ClInclude>
    <ClInclude Include="MyEngine\Render\DirectXCommon.h">
      <Filter>MyEngine\Render</Filter>
    </ClInclude>
    <ClInclude Include="MyEngine\Utils\Easing.h">
      <Filter>MyEngine\Utils</Filter>
    </ClInclude>
    <ClInclude Include="MyEngine\Utils\GlobalVariables.h">
      <Filter>MyEngine\Render</Filter>
    </ClInclude>
    <ClInclude Include="MyEngine\Engine.h">
      <Filter>MyEngine</Filter>
    </ClInclude>
    <ClInclude Include="externals\imgui\imconfig.h">
      <Filter>imgui</Filter>
    </ClInclude>
    <ClInclude Include="externals\imgui\imgui.h">
      <Filter>imgui</Filter>
    </ClInclude>
    <ClInclude Include="externals\imgui\imgui_impl_dx12.h">
      <Filter>imgui</Filter>
    </ClInclude>
    <ClInclude Include="externals\imgui\imgui_impl_win32.h">
      <Filter>imgui</Filter>
    </ClInclude>
    <ClInclude Include="externals\imgui\imgui_internal.h">
      <Filter>imgui</Filter>
    </ClInclude>
    <ClInclude Include="MyEngine\Debug\ImGuiManager.h">
      <Filter>MyEngine\Debug</Filter>
    </ClInclude>
    <ClInclude Include="externals\imgui\imstb_rectpack.h">
      <Filter>imgui</Filter>
    </ClInclude>
    <ClInclude Include="externals\imgui\imstb_textedit.h">
      <Filter>imgui</Filter>
    </ClInclude>
    <ClInclude Include="externals\imgui\imstb_truetype.h">
      <Filter>imgui</Filter>
    </ClInclude>
    <ClInclude Include="MyEngine\Input\InputManager.h">
      <Filter>MyEngine\Input</Filter>
    </ClInclude>
    <ClInclude Include="MyEngine\Scene\IScene.h">
      <Filter>MyEngine\Scene</Filter>
    </ClInclude>
    <ClInclude Include="MyEngine\Input\KeyboardInput.h">
      <Filter>MyEngine\Input</Filter>
    </ClInclude>
    <ClInclude Include="MyEngine\Log\LogManager.h">
      <Filter>MyEngine\Log</Filter>
    </ClInclude>
    <ClInclude Include="MathUtility.h">
      <Filter>MyEngine\Utils</Filter>
    </ClInclude>
    <ClInclude Include="MyEngine\Math\Matrix3x3.h">
      <Filter>MyEngine\Math</Filter>
    </ClInclude>
    <ClInclude Include="MyEngine\Math\Matrix4x4.h">
      <Filter>MyEngine\Math</Filter>
    </ClInclude>
    <ClInclude Include="MyEngine\Render\ModelManager.h">
      <Filter>MyEngine\Render</Filter>
    </ClInclude>
    <ClInclude Include="MyEngine\Input\MouseInput.h">
      <Filter>MyEngine\Input</Filter>
    </ClInclude>
    <ClInclude Include="MyEngine\Render\RenderContext.h">
      <Filter>MyEngine\Render</Filter>
    </ClInclude>
    <ClInclude Include="MyEngine\Render\RenderWindow.h">
      <Filter>MyEngine\Render</Filter>
    </ClInclude>
    <ClInclude Include="MyEngine\Scene\SceneManager.h">
      <Filter>MyEngine\Scene</Filter>
    </ClInclude>
    <ClInclude Include="MyEngine\Render\ShaderStructs.h">
      <Filter>MyEngine\Render</Filter>
    </ClInclude>
    <ClInclude Include="MyEngine\Audio\SoundManager.h">
      <Filter>MyEngine\Audio</Filter>
    </ClInclude>
    <ClInclude Include="MyEngine\Render\TextureManager.h">
      <Filter>MyEngine\Render</Filter>
    </ClInclude>
    <ClInclude Include="MyEngine\Utils\Transform.h">
      <Filter>MyEngine\Utils</Filter>
    </ClInclude>
    <ClInclude Include="MyEngine\Math\Vector2.h">
      <Filter>MyEngine\Math</Filter>
    </ClInclude>
    <ClInclude Include="MyEngine\Math\Vector3.h">
      <Filter>MyEngine\Math</Filter>
    </ClInclude>
    <ClInclude Include="MyEngine\Math\Vector4.h">
      <Filter>MyEngine\Math</Filter>
    </ClInclude>
    <ClInclude Include="MyEngine\Window\Win32Window.h">
      <Filter>MyEngine\Window</Filter>
    </ClInclude>
    <ClInclude Include="MyEngine\Window\WindowManager.h">
      <Filter>MyEngine\Window</Filter>
    </ClInclude>
    <ClInclude Include="MyEngine\Input\XInputGamepad.h">
      <Filter>MyEngine\Input</Filter>
    </ClInclude>
    <ClInclude Include="MyEngine\Render\PSOManager.h">
      <Filter>MyEngine\Render</Filter>
    </ClInclude>
  </ItemGroup>
</Project>